
Microsoft Visual Studio Solution File, Format Version 12.00
# Visual Studio 15
VisualStudioVersion = 15.0.26730.12
MinimumVisualStudioVersion = 10.0.40219.1
Project("{FAE04EC0-301F-11D3-BF4B-00C04F79EFBC}") = "jenkinsWebApiTest", "jenkinsWebApiTest\jenkinsWebApiTest.csproj", "{6497C3E2-5A56-4744-8535-9D085DD295B6}"
EndProject
Global
	GlobalSection(SolutionConfigurationPlatforms) = preSolution
		Debug|Any CPU = Debug|Any CPU
		Release|Any CPU = Release|Any CPU
	EndGlobalSection
	GlobalSection(ProjectConfigurationPlatforms) = postSolution
		{6497C3E2-5A56-4744-8535-9D085DD295B6}.Debug|Any CPU.ActiveCfg = Debug|Any CPU
		{6497C3E2-5A56-4744-8535-9D085DD295B6}.Debug|Any CPU.Build.0 = Debug|Any CPU
		{6497C3E2-5A56-4744-8535-9D085DD295B6}.Release|Any CPU.ActiveCfg = Release|Any CPU
		{6497C3E2-5A56-4744-8535-9D085DD295B6}.Release|Any CPU.Build.0 = Release|Any CPU
	EndGlobalSection
	GlobalSection(SolutionProperties) = preSolution
		HideSolutionNode = FALSE
	EndGlobalSection
	GlobalSection(ExtensibilityGlobals) = postSolution
		SolutionGuid = {A9737FA2-CE5D-4ED0-A44C-560888FA6652}
	EndGlobalSection
EndGlobal
